
Microsoft Visual Studio Solution File, Format Version 12.00
# Visual Studio Version 17
VisualStudioVersion = 17.0.31903.59
MinimumVisualStudioVersion = 10.0.40219.1
Project("{9A19103F-16F7-4668-BE54-9A1E7A4F7556}") = "Singulink.Cryptography.Pwned", "Source\Singulink.Cryptography.Pwned\Singulink.Cryptography.Pwned.csproj", "{B08EF689-1C8D-40F3-ADA4-A90CB9D4C4A3}"
EndProject
Project("{9A19103F-16F7-4668-BE54-9A1E7A4F7556}") = "Singulink.Cryptography.Pwned.Client", "Source\Singulink.Cryptography.Pwned.Client\Singulink.Cryptography.Pwned.Client.csproj", "{CF7576D7-1553-463F-95AC-00C699148FA0}"
EndProject
Project("{9A19103F-16F7-4668-BE54-9A1E7A4F7556}") = "Singulink.Cryptography.Pwned.Service", "Source\Singulink.Cryptography.Pwned.Service\Singulink.Cryptography.Pwned.Service.csproj", "{6FE88C71-E978-4C17-B7B1-E6D37FA7D02D}"
EndProject
Project("{2150E333-8FDC-42A3-9474-1A3956D46DE8}") = "Tests", "Tests", "{33AB3630-D979-4A1E-BF1E-0BB0B6965566}"
EndProject
Project("{FAE04EC0-301F-11D3-BF4B-00C04F79EFBC}") = "Singulink.Cryptography.Pwned.Tests", "Tests\Singulink.Cryptography.Pwned.Tests\Singulink.Cryptography.Pwned.Tests.csproj", "{BC1FA733-0AED-4022-9C51-2F69C9791D66}"
EndProject
Project("{2150E333-8FDC-42A3-9474-1A3956D46DE8}") = "Solution Items", "Solution Items", "{1CD2E8A7-EE26-46D6-9DD7-6226A723EB50}"
	ProjectSection(SolutionItems) = preProject
		.editorconfig = .editorconfig
		Directory.Build.props = Directory.Build.props
		Directory.Packages.props = Directory.Packages.props
	EndProjectSection
EndProject
Global
	GlobalSection(SolutionConfigurationPlatforms) = preSolution
		Debug|Any CPU = Debug|Any CPU
		Release|Any CPU = Release|Any CPU
	EndGlobalSection
	GlobalSection(ProjectConfigurationPlatforms) = postSolution
		{B08EF689-1C8D-40F3-ADA4-A90CB9D4C4A3}.Debug|Any CPU.ActiveCfg = Debug|Any CPU
		{B08EF689-1C8D-40F3-ADA4-A90CB9D4C4A3}.Debug|Any CPU.Build.0 = Debug|Any CPU
		{B08EF689-1C8D-40F3-ADA4-A90CB9D4C4A3}.Release|Any CPU.ActiveCfg = Release|Any CPU
		{B08EF689-1C8D-40F3-ADA4-A90CB9D4C4A3}.Release|Any CPU.Build.0 = Release|Any CPU
		{CF7576D7-1553-463F-95AC-00C699148FA0}.Debug|Any CPU.ActiveCfg = Debug|Any CPU
		{CF7576D7-1553-463F-95AC-00C699148FA0}.Debug|Any CPU.Build.0 = Debug|Any CPU
		{CF7576D7-1553-463F-95AC-00C699148FA0}.Release|Any CPU.ActiveCfg = Release|Any CPU
		{CF7576D7-1553-463F-95AC-00C699148FA0}.Release|Any CPU.Build.0 = Release|Any CPU
		{6FE88C71-E978-4C17-B7B1-E6D37FA7D02D}.Debug|Any CPU.ActiveCfg = Debug|Any CPU
		{6FE88C71-E978-4C17-B7B1-E6D37FA7D02D}.Debug|Any CPU.Build.0 = Debug|Any CPU
		{6FE88C71-E978-4C17-B7B1-E6D37FA7D02D}.Release|Any CPU.ActiveCfg = Release|Any CPU
		{6FE88C71-E978-4C17-B7B1-E6D37FA7D02D}.Release|Any CPU.Build.0 = Release|Any CPU
		{BC1FA733-0AED-4022-9C51-2F69C9791D66}.Debug|Any CPU.ActiveCfg = Debug|Any CPU
		{BC1FA733-0AED-4022-9C51-2F69C9791D66}.Debug|Any CPU.Build.0 = Debug|Any CPU
		{BC1FA733-0AED-4022-9C51-2F69C9791D66}.Release|Any CPU.ActiveCfg = Release|Any CPU
		{BC1FA733-0AED-4022-9C51-2F69C9791D66}.Release|Any CPU.Build.0 = Release|Any CPU
	EndGlobalSection
	GlobalSection(SolutionProperties) = preSolution
		HideSolutionNode = FALSE
	EndGlobalSection
	GlobalSection(NestedProjects) = preSolution
		{BC1FA733-0AED-4022-9C51-2F69C9791D66} = {33AB3630-D979-4A1E-BF1E-0BB0B6965566}
	EndGlobalSection
	GlobalSection(ExtensibilityGlobals) = postSolution
		SolutionGuid = {F5E4010F-1312-4732-8021-487D14D4D9F4}
	EndGlobalSection
EndGlobal
