
Microsoft Visual Studio Solution File, Format Version 12.00
# Visual Studio Version 17
VisualStudioVersion = 17.0.31903.59
MinimumVisualStudioVersion = 10.0.40219.1
Project("{9A19103F-16F7-4668-BE54-9A1E7A4F7556}") = "Singulink.Cryptography.Pwned.Service", "Singulink.Cryptography.Pwned.Service\Singulink.Cryptography.Pwned.Service.csproj", "{89E5D636-CA81-4644-BED2-3491DE87CF0C}"
EndProject
Project("{9A19103F-16F7-4668-BE54-9A1E7A4F7556}") = "Singulink.Cryptography.Pwned.Client", "Singulink.Cryptography.Pwned.Client\Singulink.Cryptography.Pwned.Client.csproj", "{5D69DBB9-2BE2-4D4B-B5A2-4E047E00DEDD}"
EndProject
Project("{FAE04EC0-301F-11D3-BF4B-00C04F79EFBC}") = "Singulink.Cryptography.Pwned", "Singulink.Cryptography.Pwned\Singulink.Cryptography.Pwned.csproj", "{E55B8024-6CA3-4765-98F0-66126086D9E7}"
EndProject
Global
	GlobalSection(SolutionConfigurationPlatforms) = preSolution
		Debug|Any CPU = Debug|Any CPU
		Release|Any CPU = Release|Any CPU
	EndGlobalSection
	GlobalSection(ProjectConfigurationPlatforms) = postSolution
		{89E5D636-CA81-4644-BED2-3491DE87CF0C}.Debug|Any CPU.ActiveCfg = Debug|Any CPU
		{89E5D636-CA81-4644-BED2-3491DE87CF0C}.Debug|Any CPU.Build.0 = Debug|Any CPU
		{89E5D636-CA81-4644-BED2-3491DE87CF0C}.Release|Any CPU.ActiveCfg = Release|Any CPU
		{89E5D636-CA81-4644-BED2-3491DE87CF0C}.Release|Any CPU.Build.0 = Release|Any CPU
		{5D69DBB9-2BE2-4D4B-B5A2-4E047E00DEDD}.Debug|Any CPU.ActiveCfg = Debug|Any CPU
		{5D69DBB9-2BE2-4D4B-B5A2-4E047E00DEDD}.Debug|Any CPU.Build.0 = Debug|Any CPU
		{5D69DBB9-2BE2-4D4B-B5A2-4E047E00DEDD}.Release|Any CPU.ActiveCfg = Release|Any CPU
		{5D69DBB9-2BE2-4D4B-B5A2-4E047E00DEDD}.Release|Any CPU.Build.0 = Release|Any CPU
		{E55B8024-6CA3-4765-98F0-66126086D9E7}.Debug|Any CPU.ActiveCfg = Debug|Any CPU
		{E55B8024-6CA3-4765-98F0-66126086D9E7}.Debug|Any CPU.Build.0 = Debug|Any CPU
		{E55B8024-6CA3-4765-98F0-66126086D9E7}.Release|Any CPU.ActiveCfg = Release|Any CPU
		{E55B8024-6CA3-4765-98F0-66126086D9E7}.Release|Any CPU.Build.0 = Release|Any CPU
	EndGlobalSection
	GlobalSection(SolutionProperties) = preSolution
		HideSolutionNode = FALSE
	EndGlobalSection
	GlobalSection(ExtensibilityGlobals) = postSolution
		SolutionGuid = {F5E4010F-1312-4732-8021-487D14D4D9F4}
	EndGlobalSection
EndGlobal
